
Microsoft Visual Studio Solution File, Format Version 12.00
# Visual Studio Version 17
VisualStudioVersion = 17.4.33213.308
MinimumVisualStudioVersion = 10.0.40219.1
Project("{FAE04EC0-301F-11D3-BF4B-00C04F79EFBC}") = "xtoinfinity", "xtoinfinity\xtoinfinity.csproj", "{DB056AA4-A9E5-4C71-BFB6-38D2FCA2D8E6}"
EndProject
Global
	GlobalSection(SolutionConfigurationPlatforms) = preSolution
		Debug|Any CPU = Debug|Any CPU
		Release|Any CPU = Release|Any CPU
	EndGlobalSection
	GlobalSection(ProjectConfigurationPlatforms) = postSolution
		{DB056AA4-A9E5-4C71-BFB6-38D2FCA2D8E6}.Debug|Any CPU.ActiveCfg = Debug|Any CPU
		{DB056AA4-A9E5-4C71-BFB6-38D2FCA2D8E6}.Debug|Any CPU.Build.0 = Debug|Any CPU
		{DB056AA4-A9E5-4C71-BFB6-38D2FCA2D8E6}.Release|Any CPU.ActiveCfg = Release|Any CPU
		{DB056AA4-A9E5-4C71-BFB6-38D2FCA2D8E6}.Release|Any CPU.Build.0 = Release|Any CPU
	EndGlobalSection
	GlobalSection(SolutionProperties) = preSolution
		HideSolutionNode = FALSE
	EndGlobalSection
	GlobalSection(ExtensibilityGlobals) = postSolution
		SolutionGuid = {097014C5-D4C0-4D09-BA8C-F6D67214E409}
	EndGlobalSection
EndGlobal
